
Microsoft Visual Studio Solution File, Format Version 12.00
# Visual Studio Version 17
VisualStudioVersion = 17.9.34622.214
MinimumVisualStudioVersion = 10.0.40219.1
Project("{FAE04EC0-301F-11D3-BF4B-00C04F79EFBC}") = "mib-reduce", "mib-reduce\mib-reduce.csproj", "{3D12FED5-71CF-4096-A649-E4B7434558D4}"
EndProject
Global
	GlobalSection(SolutionConfigurationPlatforms) = preSolution
		Debug|Any CPU = Debug|Any CPU
		Release|Any CPU = Release|Any CPU
	EndGlobalSection
	GlobalSection(ProjectConfigurationPlatforms) = postSolution
		{3D12FED5-71CF-4096-A649-E4B7434558D4}.Debug|Any CPU.ActiveCfg = Debug|Any CPU
		{3D12FED5-71CF-4096-A649-E4B7434558D4}.Debug|Any CPU.Build.0 = Debug|Any CPU
		{3D12FED5-71CF-4096-A649-E4B7434558D4}.Release|Any CPU.ActiveCfg = Release|Any CPU
		{3D12FED5-71CF-4096-A649-E4B7434558D4}.Release|Any CPU.Build.0 = Release|Any CPU
	EndGlobalSection
	GlobalSection(SolutionProperties) = preSolution
		HideSolutionNode = FALSE
	EndGlobalSection
	GlobalSection(ExtensibilityGlobals) = postSolution
		SolutionGuid = {BA6475F9-8F03-4073-9DFC-1F6BDFC95479}
	EndGlobalSection
EndGlobal
